required:
  - id
  - type

properties:
  id:
    $ref: '#/definitions/symbol'
    description: |
      The block's identifier. Must be generated by the client.

  type:
    $ref: '#/definitions/symbol'
    description: |
      Identifies the type of block. Valid values depend on which block types
      have been registered with a particular instance of the API.

  title:
    type: text
    description: |
      A human-readable title describing the block.

  properties:
    type: object
    description: |
      Properties relevant to the block's type. For example, a block that asks
      the user a question may have a `question` property here.

additionalProperties: false
